// !$*UTF8*$!
{
	archiveVersion = 1;
	classes = {
	};
	objectVersion = 46;
	objects = {

/* Begin PBXBuildFile section */
		1D3BF02EC63938DC1BB0138C /* Pods_fish_light.framework in Frameworks */ = {isa = PBXBuildFile; fileRef = D2A04D862E6FFA1300B9A27B /* Pods_fish_light.framework */; };
		640E73151CCB362800EC8F32 /* main.m in Sources */ = {isa = PBXBuildFile; fileRef = 640E73141CCB362800EC8F32 /* main.m */; };
		640E73181CCB362800EC8F32 /* AppDelegate.m in Sources */ = {isa = PBXBuildFile; fileRef = 640E73171CCB362800EC8F32 /* AppDelegate.m */; };
		640E731B1CCB362800EC8F32 /* ViewController.m in Sources */ = {isa = PBXBuildFile; fileRef = 640E731A1CCB362800EC8F32 /* ViewController.m */; };
		640E731E1CCB362800EC8F32 /* Main.storyboard in Resources */ = {isa = PBXBuildFile; fileRef = 640E731C1CCB362800EC8F32 /* Main.storyboard */; };
		640E73201CCB362800EC8F32 /* Assets.xcassets in Resources */ = {isa = PBXBuildFile; fileRef = 640E731F1CCB362800EC8F32 /* Assets.xcassets */; };
		640E73231CCB362800EC8F32 /* LaunchScreen.storyboard in Resources */ = {isa = PBXBuildFile; fileRef = 640E73211CCB362800EC8F32 /* LaunchScreen.storyboard */; };
		640E732B1CCB377E00EC8F32 /* AVFoundation.framework in Frameworks */ = {isa = PBXBuildFile; fileRef = 640E732A1CCB377E00EC8F32 /* AVFoundation.framework */; };
		6458B7561CCBFFDC00AA5F56 /* SelectedTableViewController.m in Sources */ = {isa = PBXBuildFile; fileRef = 6458B7551CCBFFDC00AA5F56 /* SelectedTableViewController.m */; };
		6458B7591CCC002700AA5F56 /* GearTableViewCell.m in Sources */ = {isa = PBXBuildFile; fileRef = 6458B7581CCC002700AA5F56 /* GearTableViewCell.m */; };
		6458B75D1CCC57BB00AA5F56 /* fish_in_sun_rays_198182.jpg in Resources */ = {isa = PBXBuildFile; fileRef = 6458B75C1CCC57BB00AA5F56 /* fish_in_sun_rays_198182.jpg */; };
		6458B75F1CCC586300AA5F56 /* fishackathon_web_wht_logo1.png in Resources */ = {isa = PBXBuildFile; fileRef = 6458B75E1CCC586300AA5F56 /* fishackathon_web_wht_logo1.png */; };
/* End PBXBuildFile section */

/* Begin PBXFileReference section */
		640E73101CCB362800EC8F32 /* fish-light.app */ = {isa = PBXFileReference; explicitFileType = wrapper.application; includeInIndex = 0; path = "fish-light.app"; sourceTree = BUILT_PRODUCTS_DIR; };
		640E73141CCB362800EC8F32 /* main.m */ = {isa = PBXFileReference; lastKnownFileType = sourcecode.c.objc; path = main.m; sourceTree = "<group>"; };
		640E73161CCB362800EC8F32 /* AppDelegate.h */ = {isa = PBXFileReference; lastKnownFileType = sourcecode.c.h; path = AppDelegate.h; sourceTree = "<group>"; };
		640E73171CCB362800EC8F32 /* AppDelegate.m */ = {isa = PBXFileReference; lastKnownFileType = sourcecode.c.objc; path = AppDelegate.m; sourceTree = "<group>"; };
		640E73191CCB362800EC8F32 /* ViewController.h */ = {isa = PBXFileReference; lastKnownFileType = sourcecode.c.h; path = ViewController.h; sourceTree = "<group>"; };
		640E731A1CCB362800EC8F32 /* ViewController.m */ = {isa = PBXFileReference; lastKnownFileType = sourcecode.c.objc; path = ViewController.m; sourceTree = "<group>"; };
		640E731D1CCB362800EC8F32 /* Base */ = {isa = PBXFileReference; lastKnownFileType = file.storyboard; name = Base; path = Base.lproj/Main.storyboard; sourceTree = "<group>"; };
		640E731F1CCB362800EC8F32 /* Assets.xcassets */ = {isa = PBXFileReference; lastKnownFileType = folder.assetcatalog; path = Assets.xcassets; sourceTree = "<group>"; };
		640E73221CCB362800EC8F32 /* Base */ = {isa = PBXFileReference; lastKnownFileType = file.storyboard; name = Base; path = Base.lproj/LaunchScreen.storyboard; sourceTree = "<group>"; };
		640E73241CCB362800EC8F32 /* Info.plist */ = {isa = PBXFileReference; lastKnownFileType = text.plist.xml; path = Info.plist; sourceTree = "<group>"; };
		640E732A1CCB377E00EC8F32 /* AVFoundation.framework */ = {isa = PBXFileReference; lastKnownFileType = wrapper.framework; name = AVFoundation.framework; path = System/Library/Frameworks/AVFoundation.framework; sourceTree = SDKROOT; };
		6458B7541CCBFFDC00AA5F56 /* SelectedTableViewController.h */ = {isa = PBXFileReference; fileEncoding = 4; lastKnownFileType = sourcecode.c.h; path = SelectedTableViewController.h; sourceTree = "<group>"; };
		6458B7551CCBFFDC00AA5F56 /* SelectedTableViewController.m */ = {isa = PBXFileReference; fileEncoding = 4; lastKnownFileType = sourcecode.c.objc; path = SelectedTableViewController.m; sourceTree = "<group>"; };
		6458B7571CCC002700AA5F56 /* GearTableViewCell.h */ = {isa = PBXFileReference; fileEncoding = 4; lastKnownFileType = sourcecode.c.h; path = GearTableViewCell.h; sourceTree = "<group>"; };
		6458B7581CCC002700AA5F56 /* GearTableViewCell.m */ = {isa = PBXFileReference; fileEncoding = 4; lastKnownFileType = sourcecode.c.objc; path = GearTableViewCell.m; sourceTree = "<group>"; };
		6458B75C1CCC57BB00AA5F56 /* fish_in_sun_rays_198182.jpg */ = {isa = PBXFileReference; lastKnownFileType = image.jpeg; path = fish_in_sun_rays_198182.jpg; sourceTree = "<group>"; };
		6458B75E1CCC586300AA5F56 /* fishackathon_web_wht_logo1.png */ = {isa = PBXFileReference; lastKnownFileType = image.png; path = fishackathon_web_wht_logo1.png; sourceTree = "<group>"; };
		6C727F7A261E0729C62262C3 /* Pods-fish-light.debug.xcconfig */ = {isa = PBXFileReference; includeInIndex = 1; lastKnownFileType = text.xcconfig; name = "Pods-fish-light.debug.xcconfig"; path = "Pods/Target Support Files/Pods-fish-light/Pods-fish-light.debug.xcconfig"; sourceTree = "<group>"; };
		D2A04D862E6FFA1300B9A27B /* Pods_fish_light.framework */ = {isa = PBXFileReference; explicitFileType = wrapper.framework; includeInIndex = 0; path = Pods_fish_light.framework; sourceTree = BUILT_PRODUCTS_DIR; };
		E70847326146EDFA1D14D8B6 /* Pods-fish-light.release.xcconfig */ = {isa = PBXFileReference; includeInIndex = 1; lastKnownFileType = text.xcconfig; name = "Pods-fish-light.release.xcconfig"; path = "Pods/Target Support Files/Pods-fish-light/Pods-fish-light.release.xcconfig"; sourceTree = "<group>"; };
/* End PBXFileReference section */

/* Begin PBXFrameworksBuildPhase section */
		640E730D1CCB362800EC8F32 /* Frameworks */ = {
			isa = PBXFrameworksBuildPhase;
			buildActionMask = 2147483647;
			files = (
				640E732B1CCB377E00EC8F32 /* AVFoundation.framework in Frameworks */,
				1D3BF02EC63938DC1BB0138C /* Pods_fish_light.framework in Frameworks */,
			);
			runOnlyForDeploymentPostprocessing = 0;
		};
/* End PBXFrameworksBuildPhase section */

/* Begin PBXGroup section */
		58F83CE8FA3B827D423174AE /* Frameworks */ = {
			isa = PBXGroup;
			children = (
				D2A04D862E6FFA1300B9A27B /* Pods_fish_light.framework */,
			);
			name = Frameworks;
			sourceTree = "<group>";
		};
		640E73071CCB362800EC8F32 = {
			isa = PBXGroup;
			children = (
				640E732A1CCB377E00EC8F32 /* AVFoundation.framework */,
				640E73121CCB362800EC8F32 /* fish-light */,
				640E73111CCB362800EC8F32 /* Products */,
				F5BB201734260E181199CE9E /* Pods */,
				58F83CE8FA3B827D423174AE /* Frameworks */,
			);
			sourceTree = "<group>";
		};
		640E73111CCB362800EC8F32 /* Products */ = {
			isa = PBXGroup;
			children = (
				640E73101CCB362800EC8F32 /* fish-light.app */,
			);
			name = Products;
			sourceTree = "<group>";
		};
		640E73121CCB362800EC8F32 /* fish-light */ = {
			isa = PBXGroup;
			children = (
				640E73161CCB362800EC8F32 /* AppDelegate.h */,
				640E73171CCB362800EC8F32 /* AppDelegate.m */,
				640E73191CCB362800EC8F32 /* ViewController.h */,
				640E731A1CCB362800EC8F32 /* ViewController.m */,
				6458B7541CCBFFDC00AA5F56 /* SelectedTableViewController.h */,
				6458B7551CCBFFDC00AA5F56 /* SelectedTableViewController.m */,
				6458B7571CCC002700AA5F56 /* GearTableViewCell.h */,
				6458B7581CCC002700AA5F56 /* GearTableViewCell.m */,
				640E731C1CCB362800EC8F32 /* Main.storyboard */,
				640E731F1CCB362800EC8F32 /* Assets.xcassets */,
				6458B75E1CCC586300AA5F56 /* fishackathon_web_wht_logo1.png */,
				640E73211CCB362800EC8F32 /* LaunchScreen.storyboard */,
				6458B75C1CCC57BB00AA5F56 /* fish_in_sun_rays_198182.jpg */,
				640E73241CCB362800EC8F32 /* Info.plist */,
				640E73131CCB362800EC8F32 /* Supporting Files */,
			);
			path = "fish-light";
			sourceTree = "<group>";
		};
		640E73131CCB362800EC8F32 /* Supporting Files */ = {
			isa = PBXGroup;
			children = (
				640E73141CCB362800EC8F32 /* main.m */,
			);
			name = "Supporting Files";
			sourceTree = "<group>";
		};
		F5BB201734260E181199CE9E /* Pods */ = {
			isa = PBXGroup;
			children = (
				6C727F7A261E0729C62262C3 /* Pods-fish-light.debug.xcconfig */,
				E70847326146EDFA1D14D8B6 /* Pods-fish-light.release.xcconfig */,
			);
			name = Pods;
			sourceTree = "<group>";
		};
/* End PBXGroup section */

/* Begin PBXNativeTarget section */
		640E730F1CCB362800EC8F32 /* fish-light */ = {
			isa = PBXNativeTarget;
			buildConfigurationList = 640E73271CCB362800EC8F32 /* Build configuration list for PBXNativeTarget "fish-light" */;
			buildPhases = (
				9001D07BFB1FECD79D7B3FB2 /* Check Pods Manifest.lock */,
				640E730C1CCB362800EC8F32 /* Sources */,
				640E730D1CCB362800EC8F32 /* Frameworks */,
				640E730E1CCB362800EC8F32 /* Resources */,
				D1958FEBE9AC2E05EF922AAC /* Embed Pods Frameworks */,
				5DEC0A1688A88F8A52385F25 /* Copy Pods Resources */,
			);
			buildRules = (
			);
			dependencies = (
			);
			name = "fish-light";
			productName = "fish-light";
			productReference = 640E73101CCB362800EC8F32 /* fish-light.app */;
			productType = "com.apple.product-type.application";
		};
/* End PBXNativeTarget section */

/* Begin PBXProject section */
		640E73081CCB362800EC8F32 /* Project object */ = {
			isa = PBXProject;
			attributes = {
				LastUpgradeCheck = 0730;
				ORGANIZATIONNAME = Pakringluck;
				TargetAttributes = {
					640E730F1CCB362800EC8F32 = {
						CreatedOnToolsVersion = 7.3;
					};
				};
			};
			buildConfigurationList = 640E730B1CCB362800EC8F32 /* Build configuration list for PBXProject "fish-light" */;
			compatibilityVersion = "Xcode 3.2";
			developmentRegion = English;
			hasScannedForEncodings = 0;
			knownRegions = (
				en,
				Base,
			);
			mainGroup = 640E73071CCB362800EC8F32;
			productRefGroup = 640E73111CCB362800EC8F32 /* Products */;
			projectDirPath = "";
			projectRoot = "";
			targets = (
				640E730F1CCB362800EC8F32 /* fish-light */,
			);
		};
/* End PBXProject section */

/* Begin PBXResourcesBuildPhase section */
		640E730E1CCB362800EC8F32 /* Resources */ = {
			isa = PBXResourcesBuildPhase;
			buildActionMask = 2147483647;
			files = (
				640E73231CCB362800EC8F32 /* LaunchScreen.storyboard in Resources */,
				6458B75D1CCC57BB00AA5F56 /* fish_in_sun_rays_198182.jpg in Resources */,
				6458B75F1CCC586300AA5F56 /* fishackathon_web_wht_logo1.png in Resources */,
				640E73201CCB362800EC8F32 /* Assets.xcassets in Resources */,
				640E731E1CCB362800EC8F32 /* Main.storyboard in Resources */,
			);
			runOnlyForDeploymentPostprocessing = 0;
		};
/* End PBXResourcesBuildPhase section */

/* Begin PBXShellScriptBuildPhase section */
		5DEC0A1688A88F8A52385F25 /* Copy Pods Resources */ = {
			isa = PBXShellScriptBuildPhase;
			buildActionMask = 2147483647;
			files = (
			);
			inputPaths = (
			);
			name = "Copy Pods Resources";
			outputPaths = (
			);
			runOnlyForDeploymentPostprocessing = 0;
			shellPath = /bin/sh;
			shellScript = "\"${SRCROOT}/Pods/Target Support Files/Pods-fish-light/Pods-fish-light-resources.sh\"\n";
			showEnvVarsInLog = 0;
		};
		9001D07BFB1FECD79D7B3FB2 /* Check Pods Manifest.lock */ = {
			isa = PBXShellScriptBuildPhase;
			buildActionMask = 2147483647;
			files = (
			);
			inputPaths = (
			);
			name = "Check Pods Manifest.lock";
			outputPaths = (
			);
			runOnlyForDeploymentPostprocessing = 0;
			shellPath = /bin/sh;
			shellScript = "diff \"${PODS_ROOT}/../Podfile.lock\" \"${PODS_ROOT}/Manifest.lock\" > /dev/null\nif [[ $? != 0 ]] ; then\n    cat << EOM\nerror: The sandbox is not in sync with the Podfile.lock. Run 'pod install' or update your CocoaPods installation.\nEOM\n    exit 1\nfi\n";
			showEnvVarsInLog = 0;
		};
		D1958FEBE9AC2E05EF922AAC /* Embed Pods Frameworks */ = {
			isa = PBXShellScriptBuildPhase;
			buildActionMask = 2147483647;
			files = (
			);
			inputPaths = (
			);
			name = "Embed Pods Frameworks";
			outputPaths = (
			);
			runOnlyForDeploymentPostprocessing = 0;
			shellPath = /bin/sh;
			shellScript = "\"${SRCROOT}/Pods/Target Support Files/Pods-fish-light/Pods-fish-light-frameworks.sh\"\n";
			showEnvVarsInLog = 0;
		};
/* End PBXShellScriptBuildPhase section */

/* Begin PBXSourcesBuildPhase section */
		640E730C1CCB362800EC8F32 /* Sources */ = {
			isa = PBXSourcesBuildPhase;
			buildActionMask = 2147483647;
			files = (
				6458B7591CCC002700AA5F56 /* GearTableViewCell.m in Sources */,
				6458B7561CCBFFDC00AA5F56 /* SelectedTableViewController.m in Sources */,
				640E731B1CCB362800EC8F32 /* ViewController.m in Sources */,
				640E73181CCB362800EC8F32 /* AppDelegate.m in Sources */,
				640E73151CCB362800EC8F32 /* main.m in Sources */,
			);
			runOnlyForDeploymentPostprocessing = 0;
		};
/* End PBXSourcesBuildPhase section */

/* Begin PBXVariantGroup section */
		640E731C1CCB362800EC8F32 /* Main.storyboard */ = {
			isa = PBXVariantGroup;
			children = (
				640E731D1CCB362800EC8F32 /* Base */,
			);
			name = Main.storyboard;
			sourceTree = "<group>";
		};
		640E73211CCB362800EC8F32 /* LaunchScreen.storyboard */ = {
			isa = PBXVariantGroup;
			children = (
				640E73221CCB362800EC8F32 /* Base */,
			);
			name = LaunchScreen.storyboard;
			sourceTree = "<group>";
		};
/* End PBXVariantGroup section */

/* Begin XCBuildConfiguration section */
		640E73251CCB362800EC8F32 /* Debug */ = {
			isa = XCBuildConfiguration;
			buildSettings = {
				ALWAYS_SEARCH_USER_PATHS = NO;
				CLANG_ANALYZER_NONNULL = YES;
				CLANG_CXX_LANGUAGE_STANDARD = "gnu++0x";
				CLANG_CXX_LIBRARY = "libc++";
				CLANG_ENABLE_MODULES = YES;
				CLANG_ENABLE_OBJC_ARC = YES;
				CLANG_WARN_BOOL_CONVERSION = YES;
				CLANG_WARN_CONSTANT_CONVERSION = YES;
				CLANG_WARN_DIRECT_OBJC_ISA_USAGE = YES_ERROR;
				CLANG_WARN_EMPTY_BODY = YES;
				CLANG_WARN_ENUM_CONVERSION = YES;
				CLANG_WARN_INT_CONVERSION = YES;
				CLANG_WARN_OBJC_ROOT_CLASS = YES_ERROR;
				CLANG_WARN_UNREACHABLE_CODE = YES;
				CLANG_WARN__DUPLICATE_METHOD_MATCH = YES;
				CODE_SIGN_IDENTITY = "iPhone Developer: Kang Wen Lin (TU8TJQSHJM)";
				"CODE_SIGN_IDENTITY[sdk=iphoneos*]" = "iPhone Developer: Kang Wen Lin (TU8TJQSHJM)";
				COPY_PHASE_STRIP = NO;
				DEBUG_INFORMATION_FORMAT = dwarf;
				ENABLE_STRICT_OBJC_MSGSEND = YES;
				ENABLE_TESTABILITY = YES;
				GCC_C_LANGUAGE_STANDARD = gnu99;
				GCC_DYNAMIC_NO_PIC = NO;
				GCC_NO_COMMON_BLOCKS = YES;
				GCC_OPTIMIZATION_LEVEL = 0;
				GCC_PREPROCESSOR_DEFINITIONS = (
					"DEBUG=1",
					"$(inherited)",
				);
				GCC_WARN_64_TO_32_BIT_CONVERSION = YES;
				GCC_WARN_ABOUT_RETURN_TYPE = YES_ERROR;
				GCC_WARN_UNDECLARED_SELECTOR = YES;
				GCC_WARN_UNINITIALIZED_AUTOS = YES_AGGRESSIVE;
				GCC_WARN_UNUSED_FUNCTION = YES;
				GCC_WARN_UNUSED_VARIABLE = YES;
				IPHONEOS_DEPLOYMENT_TARGET = 9.3;
				MTL_ENABLE_DEBUG_INFO = YES;
				ONLY_ACTIVE_ARCH = YES;
				PROVISIONING_PROFILE = "a70e3f98-1202-473f-8e97-92370342c28a";
				SDKROOT = iphoneos;
			};
			name = Debug;
		};
		640E73261CCB362800EC8F32 /* Release */ = {
			isa = XCBuildConfiguration;
			buildSettings = {
				ALWAYS_SEARCH_USER_PATHS = NO;
				CLANG_ANALYZER_NONNULL = YES;
				CLANG_CXX_LANGUAGE_STANDARD = "gnu++0x";
				CLANG_CXX_LIBRARY = "libc++";
				CLANG_ENABLE_MODULES = YES;
				CLANG_ENABLE_OBJC_ARC = YES;
				CLANG_WARN_BOOL_CONVERSION = YES;
				CLANG_WARN_CONSTANT_CONVERSION = YES;
				CLANG_WARN_DIRECT_OBJC_ISA_USAGE = YES_ERROR;
				CLANG_WARN_EMPTY_BODY = YES;
				CLANG_WARN_ENUM_CONVERSION = YES;
				CLANG_WARN_INT_CONVERSION = YES;
				CLANG_WARN_OBJC_ROOT_CLASS = YES_ERROR;
				CLANG_WARN_UNREACHABLE_CODE = YES;
				CLANG_WARN__DUPLICATE_METHOD_MATCH = YES;
				CODE_SIGN_IDENTITY = "iPhone Developer: Kang Wen Lin (TU8TJQSHJM)";
				"CODE_SIGN_IDENTITY[sdk=iphoneos*]" = "iPhone Developer: Kang Wen Lin (TU8TJQSHJM)";
				COPY_PHASE_STRIP = NO;
				DEBUG_INFORMATION_FORMAT = "dwarf-with-dsym";
				ENABLE_NS_ASSERTIONS = NO;
				ENABLE_STRICT_OBJC_MSGSEND = YES;
				GCC_C_LANGUAGE_STANDARD = gnu99;
				GCC_NO_COMMON_BLOCKS = YES;
				GCC_WARN_64_TO_32_BIT_CONVERSION = YES;
				GCC_WARN_ABOUT_RETURN_TYPE = YES_ERROR;
				GCC_WARN_UNDECLARED_SELECTOR = YES;
				GCC_WARN_UNINITIALIZED_AUTOS = YES_AGGRESSIVE;
				GCC_WARN_UNUSED_FUNCTION = YES;
				GCC_WARN_UNUSED_VARIABLE = YES;
				IPHONEOS_DEPLOYMENT_TARGET = 9.3;
				MTL_ENABLE_DEBUG_INFO = NO;
				PROVISIONING_PROFILE = "a70e3f98-1202-473f-8e97-92370342c28a";
				SDKROOT = iphoneos;
				VALIDATE_PRODUCT = YES;
			};
			name = Release;
		};
		640E73281CCB362800EC8F32 /* Debug */ = {
			isa = XCBuildConfiguration;
			baseConfigurationReference = 6C727F7A261E0729C62262C3 /* Pods-fish-light.debug.xcconfig */;
			buildSettings = {
				ASSETCATALOG_COMPILER_APPICON_NAME = AppIcon;
				CODE_SIGN_IDENTITY = "iPhone Developer: Kang Wen Lin (TU8TJQSHJM)";
				INFOPLIST_FILE = "fish-light/Info.plist";
				LD_RUNPATH_SEARCH_PATHS = "$(inherited) @executable_path/Frameworks";
				PRODUCT_BUNDLE_IDENTIFIER = com.pl.parkingluck;
				PRODUCT_NAME = "$(TARGET_NAME)";
				PROVISIONING_PROFILE = "a70e3f98-1202-473f-8e97-92370342c28a";
			};
			name = Debug;
		};
		640E73291CCB362800EC8F32 /* Release */ = {
			isa = XCBuildConfiguration;
			baseConfigurationReference = E70847326146EDFA1D14D8B6 /* Pods-fish-light.release.xcconfig */;
			buildSettings = {
				ASSETCATALOG_COMPILER_APPICON_NAME = AppIcon;
				CODE_SIGN_IDENTITY = "iPhone Developer: Kang Wen Lin (TU8TJQSHJM)";
				INFOPLIST_FILE = "fish-light/Info.plist";
				LD_RUNPATH_SEARCH_PATHS = "$(inherited) @executable_path/Frameworks";
				PRODUCT_BUNDLE_IDENTIFIER = com.pl.parkingluck;
				PRODUCT_NAME = "$(TARGET_NAME)";
				PROVISIONING_PROFILE = "a70e3f98-1202-473f-8e97-92370342c28a";
			};
			name = Release;
		};
/* End XCBuildConfiguration section */

/* Begin XCConfigurationList section */
		640E730B1CCB362800EC8F32 /* Build configuration list for PBXProject "fish-light" */ = {
			isa = XCConfigurationList;
			buildConfigurations = (
				640E73251CCB362800EC8F32 /* Debug */,
				640E73261CCB362800EC8F32 /* Release */,
			);
			defaultConfigurationIsVisible = 0;
			defaultConfigurationName = Release;
		};
		640E73271CCB362800EC8F32 /* Build configuration list for PBXNativeTarget "fish-light" */ = {
			isa = XCConfigurationList;
			buildConfigurations = (
				640E73281CCB362800EC8F32 /* Debug */,
				640E73291CCB362800EC8F32 /* Release */,
			);
			defaultConfigurationIsVisible = 0;
			defaultConfigurationName = Release;
		};
/* End XCConfigurationList section */
	};
	rootObject = 640E73081CCB362800EC8F32 /* Project object */;
}
